
Microsoft Visual Studio Solution File, Format Version 12.00
# Visual Studio Version 17
VisualStudioVersion = 17.0.31903.59
MinimumVisualStudioVersion = 10.0.40219.1
Project("{FAE04EC0-301F-11D3-BF4B-00C04F79EFBC}") = "XliDecompressor", "XliDecompressor\XliDecompressor.csproj", "{55B0A4AC-7F39-470B-8C0A-EA7DB2D3AB38}"
EndProject
Project("{FAE04EC0-301F-11D3-BF4B-00C04F79EFBC}") = "SierraEcgTools", "..\..\SierraEcgTools\SierraEcgTools.csproj", "{CEEA6397-3C7B-4FF4-BD4D-EFEFCC70161F}"
EndProject
Global
	GlobalSection(SolutionConfigurationPlatforms) = preSolution
		Debug|Any CPU = Debug|Any CPU
		Release|Any CPU = Release|Any CPU
	EndGlobalSection
	GlobalSection(SolutionProperties) = preSolution
		HideSolutionNode = FALSE
	EndGlobalSection
	GlobalSection(ProjectConfigurationPlatforms) = postSolution
		{55B0A4AC-7F39-470B-8C0A-EA7DB2D3AB38}.Debug|Any CPU.ActiveCfg = Debug|Any CPU
		{55B0A4AC-7F39-470B-8C0A-EA7DB2D3AB38}.Debug|Any CPU.Build.0 = Debug|Any CPU
		{55B0A4AC-7F39-470B-8C0A-EA7DB2D3AB38}.Release|Any CPU.ActiveCfg = Release|Any CPU
		{55B0A4AC-7F39-470B-8C0A-EA7DB2D3AB38}.Release|Any CPU.Build.0 = Release|Any CPU
		{CEEA6397-3C7B-4FF4-BD4D-EFEFCC70161F}.Debug|Any CPU.ActiveCfg = Debug|Any CPU
		{CEEA6397-3C7B-4FF4-BD4D-EFEFCC70161F}.Debug|Any CPU.Build.0 = Debug|Any CPU
		{CEEA6397-3C7B-4FF4-BD4D-EFEFCC70161F}.Release|Any CPU.ActiveCfg = Release|Any CPU
		{CEEA6397-3C7B-4FF4-BD4D-EFEFCC70161F}.Release|Any CPU.Build.0 = Release|Any CPU
	EndGlobalSection
EndGlobal
